
Microsoft Visual Studio Solution File, Format Version 12.00
# Visual Studio Version 17
VisualStudioVersion = 17.6.33723.286
MinimumVisualStudioVersion = 10.0.40219.1
Project("{FAE04EC0-301F-11D3-BF4B-00C04F79EFBC}") = "控制网平差", "控制网平差\控制网平差.csproj", "{1BDA6CFD-9C17-4D35-B190-59AAE76F7B64}"
EndProject
Global
	GlobalSection(SolutionConfigurationPlatforms) = preSolution
		Debug|Any CPU = Debug|Any CPU
		Release|Any CPU = Release|Any CPU
	EndGlobalSection
	GlobalSection(ProjectConfigurationPlatforms) = postSolution
		{1BDA6CFD-9C17-4D35-B190-59AAE76F7B64}.Debug|Any CPU.ActiveCfg = Debug|Any CPU
		{1BDA6CFD-9C17-4D35-B190-59AAE76F7B64}.Debug|Any CPU.Build.0 = Debug|Any CPU
		{1BDA6CFD-9C17-4D35-B190-59AAE76F7B64}.Release|Any CPU.ActiveCfg = Release|Any CPU
		{1BDA6CFD-9C17-4D35-B190-59AAE76F7B64}.Release|Any CPU.Build.0 = Release|Any CPU
	EndGlobalSection
	GlobalSection(SolutionProperties) = preSolution
		HideSolutionNode = FALSE
	EndGlobalSection
	GlobalSection(ExtensibilityGlobals) = postSolution
		SolutionGuid = {8B699EA0-D256-4DD7-B01A-7DD5CF39C2CD}
	EndGlobalSection
EndGlobal
